
Microsoft Visual Studio Solution File, Format Version 12.00
# Visual Studio Version 16
VisualStudioVersion = 16.0.32630.194
MinimumVisualStudioVersion = 10.0.40219.1
Project("{FAE04EC0-301F-11D3-BF4B-00C04F79EFBC}") = "CapaVista", "CapaVista\CapaVista.csproj", "{DF3D3732-257A-4750-91EE-3AAF28BE24B8}"
EndProject
Project("{FAE04EC0-301F-11D3-BF4B-00C04F79EFBC}") = "CapaControlador", "CapaControlador\CapaControlador.csproj", "{10564C41-696A-4A95-8F57-F59F5878DA66}"
EndProject
Project("{FAE04EC0-301F-11D3-BF4B-00C04F79EFBC}") = "CapaModelo", "CapaModelo\CapaModelo.csproj", "{269FB223-2E89-438B-B302-4EEBB7068A68}"
EndProject
Global
	GlobalSection(SolutionConfigurationPlatforms) = preSolution
		Debug|Any CPU = Debug|Any CPU
		Debug|x64 = Debug|x64
		Release|Any CPU = Release|Any CPU
		Release|x64 = Release|x64
	EndGlobalSection
	GlobalSection(ProjectConfigurationPlatforms) = postSolution
		{DF3D3732-257A-4750-91EE-3AAF28BE24B8}.Debug|Any CPU.ActiveCfg = Debug|Any CPU
		{DF3D3732-257A-4750-91EE-3AAF28BE24B8}.Debug|Any CPU.Build.0 = Debug|Any CPU
		{DF3D3732-257A-4750-91EE-3AAF28BE24B8}.Debug|x64.ActiveCfg = Debug|Any CPU
		{DF3D3732-257A-4750-91EE-3AAF28BE24B8}.Debug|x64.Build.0 = Debug|Any CPU
		{DF3D3732-257A-4750-91EE-3AAF28BE24B8}.Release|Any CPU.ActiveCfg = Release|Any CPU
		{DF3D3732-257A-4750-91EE-3AAF28BE24B8}.Release|Any CPU.Build.0 = Release|Any CPU
		{DF3D3732-257A-4750-91EE-3AAF28BE24B8}.Release|x64.ActiveCfg = Release|Any CPU
		{DF3D3732-257A-4750-91EE-3AAF28BE24B8}.Release|x64.Build.0 = Release|Any CPU
		{10564C41-696A-4A95-8F57-F59F5878DA66}.Debug|Any CPU.ActiveCfg = Debug|Any CPU
		{10564C41-696A-4A95-8F57-F59F5878DA66}.Debug|Any CPU.Build.0 = Debug|Any CPU
		{10564C41-696A-4A95-8F57-F59F5878DA66}.Debug|x64.ActiveCfg = Debug|Any CPU
		{10564C41-696A-4A95-8F57-F59F5878DA66}.Debug|x64.Build.0 = Debug|Any CPU
		{10564C41-696A-4A95-8F57-F59F5878DA66}.Release|Any CPU.ActiveCfg = Release|Any CPU
		{10564C41-696A-4A95-8F57-F59F5878DA66}.Release|Any CPU.Build.0 = Release|Any CPU
		{10564C41-696A-4A95-8F57-F59F5878DA66}.Release|x64.ActiveCfg = Release|Any CPU
		{10564C41-696A-4A95-8F57-F59F5878DA66}.Release|x64.Build.0 = Release|Any CPU
		{269FB223-2E89-438B-B302-4EEBB7068A68}.Debug|Any CPU.ActiveCfg = Debug|Any CPU
		{269FB223-2E89-438B-B302-4EEBB7068A68}.Debug|Any CPU.Build.0 = Debug|Any CPU
		{269FB223-2E89-438B-B302-4EEBB7068A68}.Debug|x64.ActiveCfg = Debug|Any CPU
		{269FB223-2E89-438B-B302-4EEBB7068A68}.Debug|x64.Build.0 = Debug|Any CPU
		{269FB223-2E89-438B-B302-4EEBB7068A68}.Release|Any CPU.ActiveCfg = Release|Any CPU
		{269FB223-2E89-438B-B302-4EEBB7068A68}.Release|Any CPU.Build.0 = Release|Any CPU
		{269FB223-2E89-438B-B302-4EEBB7068A68}.Release|x64.ActiveCfg = Release|Any CPU
		{269FB223-2E89-438B-B302-4EEBB7068A68}.Release|x64.Build.0 = Release|Any CPU
	EndGlobalSection
	GlobalSection(SolutionProperties) = preSolution
		HideSolutionNode = FALSE
	EndGlobalSection
	GlobalSection(ExtensibilityGlobals) = postSolution
		SolutionGuid = {D6815D1C-A77E-42C7-9A53-43640929D851}
	EndGlobalSection
EndGlobal
